
Microsoft Visual Studio Solution File, Format Version 12.00
# Visual Studio Version 16
VisualStudioVersion = 16.0.30128.74
MinimumVisualStudioVersion = 10.0.40219.1
Project("{FAE04EC0-301F-11D3-BF4B-00C04F79EFBC}") = "CoronaVirusStat", "CoronaVirusStat\CoronaVirusStat.csproj", "{3A656401-EBC0-4091-9E46-80B0F607F6AD}"
EndProject
Global
	GlobalSection(SolutionConfigurationPlatforms) = preSolution
		Debug|Any CPU = Debug|Any CPU
		Release|Any CPU = Release|Any CPU
	EndGlobalSection
	GlobalSection(ProjectConfigurationPlatforms) = postSolution
		{3A656401-EBC0-4091-9E46-80B0F607F6AD}.Debug|Any CPU.ActiveCfg = Debug|Any CPU
		{3A656401-EBC0-4091-9E46-80B0F607F6AD}.Debug|Any CPU.Build.0 = Debug|Any CPU
		{3A656401-EBC0-4091-9E46-80B0F607F6AD}.Release|Any CPU.ActiveCfg = Release|Any CPU
		{3A656401-EBC0-4091-9E46-80B0F607F6AD}.Release|Any CPU.Build.0 = Release|Any CPU
	EndGlobalSection
	GlobalSection(SolutionProperties) = preSolution
		HideSolutionNode = FALSE
	EndGlobalSection
	GlobalSection(ExtensibilityGlobals) = postSolution
		SolutionGuid = {7C7A9646-2723-42F0-B976-AAEE32A78996}
	EndGlobalSection
EndGlobal
